// !$*UTF8*$!
{
	archiveVersion = 1;
	classes = {
	};
	objectVersion = 46;
	objects = {

/* Begin PBXBuildFile section */
		7B8C3FDF15D8D55800E42A41 /* UIKit.framework in Frameworks */ = {isa = PBXBuildFile; fileRef = 7B8C3FDE15D8D55800E42A41 /* UIKit.framework */; };
		7B8C3FE115D8D55800E42A41 /* Foundation.framework in Frameworks */ = {isa = PBXBuildFile; fileRef = 7B8C3FE015D8D55800E42A41 /* Foundation.framework */; };
		7B8C3FE315D8D55800E42A41 /* CoreGraphics.framework in Frameworks */ = {isa = PBXBuildFile; fileRef = 7B8C3FE215D8D55800E42A41 /* CoreGraphics.framework */; };
		7B8C3FE915D8D55800E42A41 /* InfoPlist.strings in Resources */ = {isa = PBXBuildFile; fileRef = 7B8C3FE715D8D55800E42A41 /* InfoPlist.strings */; };
		7B8C3FEB15D8D55800E42A41 /* main.m in Sources */ = {isa = PBXBuildFile; fileRef = 7B8C3FEA15D8D55800E42A41 /* main.m */; };
		7B8C3FEF15D8D55800E42A41 /* SASlideMenuAppDelegate.m in Sources */ = {isa = PBXBuildFile; fileRef = 7B8C3FEE15D8D55800E42A41 /* SASlideMenuAppDelegate.m */; };
		7B8C3FF215D8D55800E42A41 /* MainStoryboard.storyboard in Resources */ = {isa = PBXBuildFile; fileRef = 7B8C3FF015D8D55800E42A41 /* MainStoryboard.storyboard */; };
		7B8C3FF515D8D55800E42A41 /* SASlideMenuViewController.m in Sources */ = {isa = PBXBuildFile; fileRef = 7B8C3FF415D8D55800E42A41 /* SASlideMenuViewController.m */; };
/* End PBXBuildFile section */

/* Begin PBXFileReference section */
		7B8C3FDA15D8D55800E42A41 /* SASlideMenu.app */ = {isa = PBXFileReference; explicitFileType = wrapper.application; includeInIndex = 0; path = SASlideMenu.app; sourceTree = BUILT_PRODUCTS_DIR; };
		7B8C3FDE15D8D55800E42A41 /* UIKit.framework */ = {isa = PBXFileReference; lastKnownFileType = wrapper.framework; name = UIKit.framework; path = System/Library/Frameworks/UIKit.framework; sourceTree = SDKROOT; };
		7B8C3FE015D8D55800E42A41 /* Foundation.framework */ = {isa = PBXFileReference; lastKnownFileType = wrapper.framework; name = Foundation.framework; path = System/Library/Frameworks/Foundation.framework; sourceTree = SDKROOT; };
		7B8C3FE215D8D55800E42A41 /* CoreGraphics.framework */ = {isa = PBXFileReference; lastKnownFileType = wrapper.framework; name = CoreGraphics.framework; path = System/Library/Frameworks/CoreGraphics.framework; sourceTree = SDKROOT; };
		7B8C3FE615D8D55800E42A41 /* SASlideMenu-Info.plist */ = {isa = PBXFileReference; lastKnownFileType = text.plist.xml; path = "SASlideMenu-Info.plist"; sourceTree = "<group>"; };
		7B8C3FE815D8D55800E42A41 /* en */ = {isa = PBXFileReference; lastKnownFileType = text.plist.strings; name = en; path = en.lproj/InfoPlist.strings; sourceTree = "<group>"; };
		7B8C3FEA15D8D55800E42A41 /* main.m */ = {isa = PBXFileReference; lastKnownFileType = sourcecode.c.objc; path = main.m; sourceTree = "<group>"; };
		7B8C3FEC15D8D55800E42A41 /* SASlideMenu-Prefix.pch */ = {isa = PBXFileReference; lastKnownFileType = sourcecode.c.h; path = "SASlideMenu-Prefix.pch"; sourceTree = "<group>"; };
		7B8C3FED15D8D55800E42A41 /* SASlideMenuAppDelegate.h */ = {isa = PBXFileReference; lastKnownFileType = sourcecode.c.h; path = SASlideMenuAppDelegate.h; sourceTree = "<group>"; };
		7B8C3FEE15D8D55800E42A41 /* SASlideMenuAppDelegate.m */ = {isa = PBXFileReference; lastKnownFileType = sourcecode.c.objc; path = SASlideMenuAppDelegate.m; sourceTree = "<group>"; };
		7B8C3FF115D8D55800E42A41 /* en */ = {isa = PBXFileReference; lastKnownFileType = file.storyboard; name = en; path = en.lproj/MainStoryboard.storyboard; sourceTree = "<group>"; };
		7B8C3FF315D8D55800E42A41 /* SASlideMenuViewController.h */ = {isa = PBXFileReference; lastKnownFileType = sourcecode.c.h; path = SASlideMenuViewController.h; sourceTree = "<group>"; };
		7B8C3FF415D8D55800E42A41 /* SASlideMenuViewController.m */ = {isa = PBXFileReference; lastKnownFileType = sourcecode.c.objc; path = SASlideMenuViewController.m; sourceTree = "<group>"; };
/* End PBXFileReference section */

/* Begin PBXFrameworksBuildPhase section */
		7B8C3FD715D8D55800E42A41 /* Frameworks */ = {
			isa = PBXFrameworksBuildPhase;
			buildActionMask = 2147483647;
			files = (
				7B8C3FDF15D8D55800E42A41 /* UIKit.framework in Frameworks */,
				7B8C3FE115D8D55800E42A41 /* Foundation.framework in Frameworks */,
				7B8C3FE315D8D55800E42A41 /* CoreGraphics.framework in Frameworks */,
			);
			runOnlyForDeploymentPostprocessing = 0;
		};
/* End PBXFrameworksBuildPhase section */

/* Begin PBXGroup section */
		7B8C3FCF15D8D55800E42A41 = {
			isa = PBXGroup;
			children = (
				7B8C3FE415D8D55800E42A41 /* SASlideMenu */,
				7B8C3FDD15D8D55800E42A41 /* Frameworks */,
				7B8C3FDB15D8D55800E42A41 /* Products */,
			);
			sourceTree = "<group>";
		};
		7B8C3FDB15D8D55800E42A41 /* Products */ = {
			isa = PBXGroup;
			children = (
				7B8C3FDA15D8D55800E42A41 /* SASlideMenu.app */,
			);
			name = Products;
			sourceTree = "<group>";
		};
		7B8C3FDD15D8D55800E42A41 /* Frameworks */ = {
			isa = PBXGroup;
			children = (
				7B8C3FDE15D8D55800E42A41 /* UIKit.framework */,
				7B8C3FE015D8D55800E42A41 /* Foundation.framework */,
				7B8C3FE215D8D55800E42A41 /* CoreGraphics.framework */,
			);
			name = Frameworks;
			sourceTree = "<group>";
		};
		7B8C3FE415D8D55800E42A41 /* SASlideMenu */ = {
			isa = PBXGroup;
			children = (
				7B8C3FED15D8D55800E42A41 /* SASlideMenuAppDelegate.h */,
				7B8C3FEE15D8D55800E42A41 /* SASlideMenuAppDelegate.m */,
				7B8C3FF015D8D55800E42A41 /* MainStoryboard.storyboard */,
				7B8C3FF315D8D55800E42A41 /* SASlideMenuViewController.h */,
				7B8C3FF415D8D55800E42A41 /* SASlideMenuViewController.m */,
				7B8C3FE515D8D55800E42A41 /* Supporting Files */,
			);
			path = SASlideMenu;
			sourceTree = "<group>";
		};
		7B8C3FE515D8D55800E42A41 /* Supporting Files */ = {
			isa = PBXGroup;
			children = (
				7B8C3FE615D8D55800E42A41 /* SASlideMenu-Info.plist */,
				7B8C3FE715D8D55800E42A41 /* InfoPlist.strings */,
				7B8C3FEA15D8D55800E42A41 /* main.m */,
				7B8C3FEC15D8D55800E42A41 /* SASlideMenu-Prefix.pch */,
			);
			name = "Supporting Files";
			sourceTree = "<group>";
		};
/* End PBXGroup section */

/* Begin PBXNativeTarget section */
		7B8C3FD915D8D55800E42A41 /* SASlideMenu */ = {
			isa = PBXNativeTarget;
			buildConfigurationList = 7B8C3FF815D8D55800E42A41 /* Build configuration list for PBXNativeTarget "SASlideMenu" */;
			buildPhases = (
				7B8C3FD615D8D55800E42A41 /* Sources */,
				7B8C3FD715D8D55800E42A41 /* Frameworks */,
				7B8C3FD815D8D55800E42A41 /* Resources */,
			);
			buildRules = (
			);
			dependencies = (
			);
			name = SASlideMenu;
			productName = SASlideMenu;
			productReference = 7B8C3FDA15D8D55800E42A41 /* SASlideMenu.app */;
			productType = "com.apple.product-type.application";
		};
/* End PBXNativeTarget section */

/* Begin PBXProject section */
		7B8C3FD115D8D55800E42A41 /* Project object */ = {
			isa = PBXProject;
			attributes = {
				CLASSPREFIX = SASlideMenu;
				LastUpgradeCheck = 0440;
				ORGANIZATIONNAME = "Stefano Antonelli";
			};
			buildConfigurationList = 7B8C3FD415D8D55800E42A41 /* Build configuration list for PBXProject "SASlideMenu" */;
			compatibilityVersion = "Xcode 3.2";
			developmentRegion = English;
			hasScannedForEncodings = 0;
			knownRegions = (
				en,
			);
			mainGroup = 7B8C3FCF15D8D55800E42A41;
			productRefGroup = 7B8C3FDB15D8D55800E42A41 /* Products */;
			projectDirPath = "";
			projectRoot = "";
			targets = (
				7B8C3FD915D8D55800E42A41 /* SASlideMenu */,
			);
		};
/* End PBXProject section */

/* Begin PBXResourcesBuildPhase section */
		7B8C3FD815D8D55800E42A41 /* Resources */ = {
			isa = PBXResourcesBuildPhase;
			buildActionMask = 2147483647;
			files = (
				7B8C3FE915D8D55800E42A41 /* InfoPlist.strings in Resources */,
				7B8C3FF215D8D55800E42A41 /* MainStoryboard.storyboard in Resources */,
			);
			runOnlyForDeploymentPostprocessing = 0;
		};
/* End PBXResourcesBuildPhase section */

/* Begin PBXSourcesBuildPhase section */
		7B8C3FD615D8D55800E42A41 /* Sources */ = {
			isa = PBXSourcesBuildPhase;
			buildActionMask = 2147483647;
			files = (
				7B8C3FEB15D8D55800E42A41 /* main.m in Sources */,
				7B8C3FEF15D8D55800E42A41 /* SASlideMenuAppDelegate.m in Sources */,
				7B8C3FF515D8D55800E42A41 /* SASlideMenuViewController.m in Sources */,
			);
			runOnlyForDeploymentPostprocessing = 0;
		};
/* End PBXSourcesBuildPhase section */

/* Begin PBXVariantGroup section */
		7B8C3FE715D8D55800E42A41 /* InfoPlist.strings */ = {
			isa = PBXVariantGroup;
			children = (
				7B8C3FE815D8D55800E42A41 /* en */,
			);
			name = InfoPlist.strings;
			sourceTree = "<group>";
		};
		7B8C3FF015D8D55800E42A41 /* MainStoryboard.storyboard */ = {
			isa = PBXVariantGroup;
			children = (
				7B8C3FF115D8D55800E42A41 /* en */,
			);
			name = MainStoryboard.storyboard;
			sourceTree = "<group>";
		};
/* End PBXVariantGroup section */

/* Begin XCBuildConfiguration section */
		7B8C3FF615D8D55800E42A41 /* Debug */ = {
			isa = XCBuildConfiguration;
			buildSettings = {
				ALWAYS_SEARCH_USER_PATHS = NO;
				ARCHS = "$(ARCHS_STANDARD_32_BIT)";
				CLANG_CXX_LANGUAGE_STANDARD = "gnu++0x";
				CLANG_ENABLE_OBJC_ARC = YES;
				CLANG_WARN__DUPLICATE_METHOD_MATCH = YES;
				"CODE_SIGN_IDENTITY[sdk=iphoneos*]" = "iPhone Developer";
				COPY_PHASE_STRIP = NO;
				GCC_C_LANGUAGE_STANDARD = gnu99;
				GCC_DYNAMIC_NO_PIC = NO;
				GCC_OPTIMIZATION_LEVEL = 0;
				GCC_PREPROCESSOR_DEFINITIONS = (
					"DEBUG=1",
					"$(inherited)",
				);
				GCC_SYMBOLS_PRIVATE_EXTERN = NO;
				GCC_VERSION = com.apple.compilers.llvm.clang.1_0;
				GCC_WARN_ABOUT_RETURN_TYPE = YES;
				GCC_WARN_UNINITIALIZED_AUTOS = YES;
				GCC_WARN_UNUSED_VARIABLE = YES;
				IPHONEOS_DEPLOYMENT_TARGET = 5.1;
				SDKROOT = iphoneos;
			};
			name = Debug;
		};
		7B8C3FF715D8D55800E42A41 /* Release */ = {
			isa = XCBuildConfiguration;
			buildSettings = {
				ALWAYS_SEARCH_USER_PATHS = NO;
				ARCHS = "$(ARCHS_STANDARD_32_BIT)";
				CLANG_CXX_LANGUAGE_STANDARD = "gnu++0x";
				CLANG_ENABLE_OBJC_ARC = YES;
				CLANG_WARN__DUPLICATE_METHOD_MATCH = YES;
				"CODE_SIGN_IDENTITY[sdk=iphoneos*]" = "iPhone Developer";
				COPY_PHASE_STRIP = YES;
				GCC_C_LANGUAGE_STANDARD = gnu99;
				GCC_VERSION = com.apple.compilers.llvm.clang.1_0;
				GCC_WARN_ABOUT_RETURN_TYPE = YES;
				GCC_WARN_UNINITIALIZED_AUTOS = YES;
				GCC_WARN_UNUSED_VARIABLE = YES;
				IPHONEOS_DEPLOYMENT_TARGET = 5.1;
				OTHER_CFLAGS = "-DNS_BLOCK_ASSERTIONS=1";
				SDKROOT = iphoneos;
				VALIDATE_PRODUCT = YES;
			};
			name = Release;
		};
		7B8C3FF915D8D55800E42A41 /* Debug */ = {
			isa = XCBuildConfiguration;
			buildSettings = {
				GCC_PRECOMPILE_PREFIX_HEADER = YES;
				GCC_PREFIX_HEADER = "SASlideMenu/SASlideMenu-Prefix.pch";
				INFOPLIST_FILE = "SASlideMenu/SASlideMenu-Info.plist";
				PRODUCT_NAME = "$(TARGET_NAME)";
				WRAPPER_EXTENSION = app;
			};
			name = Debug;
		};
		7B8C3FFA15D8D55800E42A41 /* Release */ = {
			isa = XCBuildConfiguration;
			buildSettings = {
				GCC_PRECOMPILE_PREFIX_HEADER = YES;
				GCC_PREFIX_HEADER = "SASlideMenu/SASlideMenu-Prefix.pch";
				INFOPLIST_FILE = "SASlideMenu/SASlideMenu-Info.plist";
				PRODUCT_NAME = "$(TARGET_NAME)";
				WRAPPER_EXTENSION = app;
			};
			name = Release;
		};
/* End XCBuildConfiguration section */

/* Begin XCConfigurationList section */
		7B8C3FD415D8D55800E42A41 /* Build configuration list for PBXProject "SASlideMenu" */ = {
			isa = XCConfigurationList;
			buildConfigurations = (
				7B8C3FF615D8D55800E42A41 /* Debug */,
				7B8C3FF715D8D55800E42A41 /* Release */,
			);
			defaultConfigurationIsVisible = 0;
			defaultConfigurationName = Release;
		};
		7B8C3FF815D8D55800E42A41 /* Build configuration list for PBXNativeTarget "SASlideMenu" */ = {
			isa = XCConfigurationList;
			buildConfigurations = (
				7B8C3FF915D8D55800E42A41 /* Debug */,
				7B8C3FFA15D8D55800E42A41 /* Release */,
			);
			defaultConfigurationIsVisible = 0;
		};
/* End XCConfigurationList section */
	};
	rootObject = 7B8C3FD115D8D55800E42A41 /* Project object */;
}
