// !$*UTF8*$!
{
	archiveVersion = 1;
	classes = {
	};
	objectVersion = 46;
	objects = {

/* Begin PBXBuildFile section */
		7B05395D15E15A7F00D72377 /* menu.png in Resources */ = {isa = PBXBuildFile; fileRef = 7B05395715E15A7F00D72377 /* menu.png */; };
		7B05395E15E15A7F00D72377 /* menu@2x.png in Resources */ = {isa = PBXBuildFile; fileRef = 7B05395815E15A7F00D72377 /* menu@2x.png */; };
		7B05395F15E15A7F00D72377 /* menuhighlighted.png in Resources */ = {isa = PBXBuildFile; fileRef = 7B05395915E15A7F00D72377 /* menuhighlighted.png */; };
		7B05396015E15A7F00D72377 /* menuhighlighted@2x.png in Resources */ = {isa = PBXBuildFile; fileRef = 7B05395A15E15A7F00D72377 /* menuhighlighted@2x.png */; };
		7B05396115E15A7F00D72377 /* menuicon.png in Resources */ = {isa = PBXBuildFile; fileRef = 7B05395B15E15A7F00D72377 /* menuicon.png */; };
		7B05396215E15A7F00D72377 /* menuicon@2x.png in Resources */ = {isa = PBXBuildFile; fileRef = 7B05395C15E15A7F00D72377 /* menuicon@2x.png */; };
		7B1141A5161B621000549B42 /* Default-568h@2x.png in Resources */ = {isa = PBXBuildFile; fileRef = 7B1141A4161B621000549B42 /* Default-568h@2x.png */; };
		7B1141A9161B658D00549B42 /* Screenshot-Landscape.png in Resources */ = {isa = PBXBuildFile; fileRef = 7B1141A7161B658D00549B42 /* Screenshot-Landscape.png */; };
		7B1141AA161B658D00549B42 /* Screenshot-Portrait.png in Resources */ = {isa = PBXBuildFile; fileRef = 7B1141A8161B658D00549B42 /* Screenshot-Portrait.png */; };
		7B28D2A0165BE211000EE929 /* SASlideMenuDynamicViewController.m in Sources */ = {isa = PBXBuildFile; fileRef = 7B28D29F165BE211000EE929 /* SASlideMenuDynamicViewController.m */; };
		7B28D2A4165BF465000EE929 /* ExampleDynamicMenuViewController.m in Sources */ = {isa = PBXBuildFile; fileRef = 7B28D2A3165BF464000EE929 /* ExampleDynamicMenuViewController.m */; };
		7B28D2A7165CCB11000EE929 /* ColoredViewController.m in Sources */ = {isa = PBXBuildFile; fileRef = 7B28D2A6165CCB10000EE929 /* ColoredViewController.m */; };
		7B28D2AE165E27A3000EE929 /* selectedColoredRow.png in Resources */ = {isa = PBXBuildFile; fileRef = 7B28D2AC165E27A3000EE929 /* selectedColoredRow.png */; };
		7B28D2AF165E27A3000EE929 /* selectedColoredRow@2x.png in Resources */ = {isa = PBXBuildFile; fileRef = 7B28D2AD165E27A3000EE929 /* selectedColoredRow@2x.png */; };
		7B3B2D5415DCE0E1009F4AB8 /* DarkViewController.m in Sources */ = {isa = PBXBuildFile; fileRef = 7B3B2D5315DCE0E1009F4AB8 /* DarkViewController.m */; };
		7B56BF49163C2ECF00D9C143 /* Icon.png in Resources */ = {isa = PBXBuildFile; fileRef = 7B56BF48163C2ECF00D9C143 /* Icon.png */; };
		7B56BF4B163C2EDA00D9C143 /* Icon@2x.png in Resources */ = {isa = PBXBuildFile; fileRef = 7B56BF4A163C2EDA00D9C143 /* Icon@2x.png */; };
		7B5B88E3163B23B300D02C1F /* ShadesViewController.m in Sources */ = {isa = PBXBuildFile; fileRef = 7B5B88E2163B23B300D02C1F /* ShadesViewController.m */; };
		7B8C3FDF15D8D55800E42A41 /* UIKit.framework in Frameworks */ = {isa = PBXBuildFile; fileRef = 7B8C3FDE15D8D55800E42A41 /* UIKit.framework */; };
		7B8C3FE115D8D55800E42A41 /* Foundation.framework in Frameworks */ = {isa = PBXBuildFile; fileRef = 7B8C3FE015D8D55800E42A41 /* Foundation.framework */; };
		7B8C3FE315D8D55800E42A41 /* CoreGraphics.framework in Frameworks */ = {isa = PBXBuildFile; fileRef = 7B8C3FE215D8D55800E42A41 /* CoreGraphics.framework */; };
		7B8C3FE915D8D55800E42A41 /* InfoPlist.strings in Resources */ = {isa = PBXBuildFile; fileRef = 7B8C3FE715D8D55800E42A41 /* InfoPlist.strings */; };
		7B8C3FEB15D8D55800E42A41 /* main.m in Sources */ = {isa = PBXBuildFile; fileRef = 7B8C3FEA15D8D55800E42A41 /* main.m */; };
		7B8C3FEF15D8D55800E42A41 /* SASlideMenuAppDelegate.m in Sources */ = {isa = PBXBuildFile; fileRef = 7B8C3FEE15D8D55800E42A41 /* SASlideMenuAppDelegate.m */; };
		7B8C3FF215D8D55800E42A41 /* MainStoryboard.storyboard in Resources */ = {isa = PBXBuildFile; fileRef = 7B8C3FF015D8D55800E42A41 /* MainStoryboard.storyboard */; };
		7B8C3FF515D8D55800E42A41 /* ExampleMenuViewController.m in Sources */ = {isa = PBXBuildFile; fileRef = 7B8C3FF415D8D55800E42A41 /* ExampleMenuViewController.m */; };
		7BF0A68F15DE495500B3B57F /* SASlideMenuStoryboardSegue.m in Sources */ = {isa = PBXBuildFile; fileRef = 7BF0A68B15DE495500B3B57F /* SASlideMenuStoryboardSegue.m */; };
		7BF0A69015DE495500B3B57F /* SASlideMenuViewController.m in Sources */ = {isa = PBXBuildFile; fileRef = 7BF0A68D15DE495500B3B57F /* SASlideMenuViewController.m */; };
		7BF0A6B215DE499F00B3B57F /* disclosure.png in Resources */ = {isa = PBXBuildFile; fileRef = 7BF0A6AA15DE499F00B3B57F /* disclosure.png */; };
		7BF0A6B315DE499F00B3B57F /* disclosure@2x.png in Resources */ = {isa = PBXBuildFile; fileRef = 7BF0A6AB15DE499F00B3B57F /* disclosure@2x.png */; };
		7BF0A6B415DE499F00B3B57F /* row.png in Resources */ = {isa = PBXBuildFile; fileRef = 7BF0A6AC15DE499F00B3B57F /* row.png */; };
		7BF0A6B515DE499F00B3B57F /* row@2x.png in Resources */ = {isa = PBXBuildFile; fileRef = 7BF0A6AD15DE499F00B3B57F /* row@2x.png */; };
		7BF0A6B615DE499F00B3B57F /* rowselected.png in Resources */ = {isa = PBXBuildFile; fileRef = 7BF0A6AE15DE499F00B3B57F /* rowselected.png */; };
		7BF0A6B715DE499F00B3B57F /* rowselected@2x.png in Resources */ = {isa = PBXBuildFile; fileRef = 7BF0A6AF15DE499F00B3B57F /* rowselected@2x.png */; };
		7BF0A6B815DE499F00B3B57F /* MenuCell.m in Sources */ = {isa = PBXBuildFile; fileRef = 7BF0A6B115DE499F00B3B57F /* MenuCell.m */; };
		7BF0A6BA15DE682A00B3B57F /* README.md in Resources */ = {isa = PBXBuildFile; fileRef = 7BF0A6B915DE682A00B3B57F /* README.md */; };
/* End PBXBuildFile section */

/* Begin PBXFileReference section */
		7B05395715E15A7F00D72377 /* menu.png */ = {isa = PBXFileReference; lastKnownFileType = image.png; path = menu.png; sourceTree = "<group>"; };
		7B05395815E15A7F00D72377 /* menu@2x.png */ = {isa = PBXFileReference; lastKnownFileType = image.png; path = "menu@2x.png"; sourceTree = "<group>"; };
		7B05395915E15A7F00D72377 /* menuhighlighted.png */ = {isa = PBXFileReference; lastKnownFileType = image.png; path = menuhighlighted.png; sourceTree = "<group>"; };
		7B05395A15E15A7F00D72377 /* menuhighlighted@2x.png */ = {isa = PBXFileReference; lastKnownFileType = image.png; path = "menuhighlighted@2x.png"; sourceTree = "<group>"; };
		7B05395B15E15A7F00D72377 /* menuicon.png */ = {isa = PBXFileReference; lastKnownFileType = image.png; path = menuicon.png; sourceTree = "<group>"; };
		7B05395C15E15A7F00D72377 /* menuicon@2x.png */ = {isa = PBXFileReference; lastKnownFileType = image.png; path = "menuicon@2x.png"; sourceTree = "<group>"; };
		7B1141A4161B621000549B42 /* Default-568h@2x.png */ = {isa = PBXFileReference; lastKnownFileType = image.png; path = "Default-568h@2x.png"; sourceTree = "<group>"; };
		7B1141A7161B658D00549B42 /* Screenshot-Landscape.png */ = {isa = PBXFileReference; lastKnownFileType = image.png; path = "Screenshot-Landscape.png"; sourceTree = "<group>"; };
		7B1141A8161B658D00549B42 /* Screenshot-Portrait.png */ = {isa = PBXFileReference; lastKnownFileType = image.png; path = "Screenshot-Portrait.png"; sourceTree = "<group>"; };
		7B28D29E165BE211000EE929 /* SASlideMenuDynamicViewController.h */ = {isa = PBXFileReference; fileEncoding = 4; lastKnownFileType = sourcecode.c.h; path = SASlideMenuDynamicViewController.h; sourceTree = "<group>"; };
		7B28D29F165BE211000EE929 /* SASlideMenuDynamicViewController.m */ = {isa = PBXFileReference; fileEncoding = 4; lastKnownFileType = sourcecode.c.objc; path = SASlideMenuDynamicViewController.m; sourceTree = "<group>"; };
		7B28D2A2165BF464000EE929 /* ExampleDynamicMenuViewController.h */ = {isa = PBXFileReference; fileEncoding = 4; lastKnownFileType = sourcecode.c.h; path = ExampleDynamicMenuViewController.h; sourceTree = "<group>"; };
		7B28D2A3165BF464000EE929 /* ExampleDynamicMenuViewController.m */ = {isa = PBXFileReference; fileEncoding = 4; lastKnownFileType = sourcecode.c.objc; path = ExampleDynamicMenuViewController.m; sourceTree = "<group>"; };
		7B28D2A5165CCB10000EE929 /* ColoredViewController.h */ = {isa = PBXFileReference; fileEncoding = 4; lastKnownFileType = sourcecode.c.h; path = ColoredViewController.h; sourceTree = "<group>"; };
		7B28D2A6165CCB10000EE929 /* ColoredViewController.m */ = {isa = PBXFileReference; fileEncoding = 4; lastKnownFileType = sourcecode.c.objc; path = ColoredViewController.m; sourceTree = "<group>"; };
		7B28D2AC165E27A3000EE929 /* selectedColoredRow.png */ = {isa = PBXFileReference; lastKnownFileType = image.png; path = selectedColoredRow.png; sourceTree = "<group>"; };
		7B28D2AD165E27A3000EE929 /* selectedColoredRow@2x.png */ = {isa = PBXFileReference; lastKnownFileType = image.png; path = "selectedColoredRow@2x.png"; sourceTree = "<group>"; };
		7B3B2D5215DCE0E1009F4AB8 /* DarkViewController.h */ = {isa = PBXFileReference; fileEncoding = 4; lastKnownFileType = sourcecode.c.h; path = DarkViewController.h; sourceTree = "<group>"; };
		7B3B2D5315DCE0E1009F4AB8 /* DarkViewController.m */ = {isa = PBXFileReference; fileEncoding = 4; lastKnownFileType = sourcecode.c.objc; path = DarkViewController.m; sourceTree = "<group>"; };
		7B56BF48163C2ECF00D9C143 /* Icon.png */ = {isa = PBXFileReference; lastKnownFileType = image.png; path = Icon.png; sourceTree = "<group>"; };
		7B56BF4A163C2EDA00D9C143 /* Icon@2x.png */ = {isa = PBXFileReference; lastKnownFileType = image.png; path = "Icon@2x.png"; sourceTree = "<group>"; };
		7B5B88E1163B23B300D02C1F /* ShadesViewController.h */ = {isa = PBXFileReference; fileEncoding = 4; lastKnownFileType = sourcecode.c.h; path = ShadesViewController.h; sourceTree = "<group>"; };
		7B5B88E2163B23B300D02C1F /* ShadesViewController.m */ = {isa = PBXFileReference; fileEncoding = 4; lastKnownFileType = sourcecode.c.objc; path = ShadesViewController.m; sourceTree = "<group>"; };
		7B8C3FDA15D8D55800E42A41 /* SASlideMenu.app */ = {isa = PBXFileReference; explicitFileType = wrapper.application; includeInIndex = 0; path = SASlideMenu.app; sourceTree = BUILT_PRODUCTS_DIR; };
		7B8C3FDE15D8D55800E42A41 /* UIKit.framework */ = {isa = PBXFileReference; lastKnownFileType = wrapper.framework; name = UIKit.framework; path = System/Library/Frameworks/UIKit.framework; sourceTree = SDKROOT; };
		7B8C3FE015D8D55800E42A41 /* Foundation.framework */ = {isa = PBXFileReference; lastKnownFileType = wrapper.framework; name = Foundation.framework; path = System/Library/Frameworks/Foundation.framework; sourceTree = SDKROOT; };
		7B8C3FE215D8D55800E42A41 /* CoreGraphics.framework */ = {isa = PBXFileReference; lastKnownFileType = wrapper.framework; name = CoreGraphics.framework; path = System/Library/Frameworks/CoreGraphics.framework; sourceTree = SDKROOT; };
		7B8C3FE615D8D55800E42A41 /* SASlideMenu-Info.plist */ = {isa = PBXFileReference; lastKnownFileType = text.plist.xml; path = "SASlideMenu-Info.plist"; sourceTree = "<group>"; };
		7B8C3FE815D8D55800E42A41 /* en */ = {isa = PBXFileReference; lastKnownFileType = text.plist.strings; name = en; path = en.lproj/InfoPlist.strings; sourceTree = "<group>"; };
		7B8C3FEA15D8D55800E42A41 /* main.m */ = {isa = PBXFileReference; lastKnownFileType = sourcecode.c.objc; path = main.m; sourceTree = "<group>"; };
		7B8C3FEC15D8D55800E42A41 /* SASlideMenu-Prefix.pch */ = {isa = PBXFileReference; lastKnownFileType = sourcecode.c.h; path = "SASlideMenu-Prefix.pch"; sourceTree = "<group>"; };
		7B8C3FED15D8D55800E42A41 /* SASlideMenuAppDelegate.h */ = {isa = PBXFileReference; lastKnownFileType = sourcecode.c.h; path = SASlideMenuAppDelegate.h; sourceTree = "<group>"; };
		7B8C3FEE15D8D55800E42A41 /* SASlideMenuAppDelegate.m */ = {isa = PBXFileReference; lastKnownFileType = sourcecode.c.objc; path = SASlideMenuAppDelegate.m; sourceTree = "<group>"; };
		7B8C3FF115D8D55800E42A41 /* en */ = {isa = PBXFileReference; lastKnownFileType = file.storyboard; name = en; path = en.lproj/MainStoryboard.storyboard; sourceTree = "<group>"; };
		7B8C3FF315D8D55800E42A41 /* ExampleMenuViewController.h */ = {isa = PBXFileReference; lastKnownFileType = sourcecode.c.h; path = ExampleMenuViewController.h; sourceTree = "<group>"; };
		7B8C3FF415D8D55800E42A41 /* ExampleMenuViewController.m */ = {isa = PBXFileReference; lastKnownFileType = sourcecode.c.objc; path = ExampleMenuViewController.m; sourceTree = "<group>"; };
		7BF0A68915DE495500B3B57F /* SASlideMenuDataSource.h */ = {isa = PBXFileReference; fileEncoding = 4; lastKnownFileType = sourcecode.c.h; path = SASlideMenuDataSource.h; sourceTree = "<group>"; };
		7BF0A68A15DE495500B3B57F /* SASlideMenuStoryboardSegue.h */ = {isa = PBXFileReference; fileEncoding = 4; lastKnownFileType = sourcecode.c.h; path = SASlideMenuStoryboardSegue.h; sourceTree = "<group>"; };
		7BF0A68B15DE495500B3B57F /* SASlideMenuStoryboardSegue.m */ = {isa = PBXFileReference; fileEncoding = 4; lastKnownFileType = sourcecode.c.objc; path = SASlideMenuStoryboardSegue.m; sourceTree = "<group>"; };
		7BF0A68C15DE495500B3B57F /* SASlideMenuViewController.h */ = {isa = PBXFileReference; fileEncoding = 4; lastKnownFileType = sourcecode.c.h; path = SASlideMenuViewController.h; sourceTree = "<group>"; };
		7BF0A68D15DE495500B3B57F /* SASlideMenuViewController.m */ = {isa = PBXFileReference; fileEncoding = 4; lastKnownFileType = sourcecode.c.objc; path = SASlideMenuViewController.m; sourceTree = "<group>"; };
		7BF0A6AA15DE499F00B3B57F /* disclosure.png */ = {isa = PBXFileReference; lastKnownFileType = image.png; path = disclosure.png; sourceTree = "<group>"; };
		7BF0A6AB15DE499F00B3B57F /* disclosure@2x.png */ = {isa = PBXFileReference; lastKnownFileType = image.png; path = "disclosure@2x.png"; sourceTree = "<group>"; };
		7BF0A6AC15DE499F00B3B57F /* row.png */ = {isa = PBXFileReference; lastKnownFileType = image.png; path = row.png; sourceTree = "<group>"; };
		7BF0A6AD15DE499F00B3B57F /* row@2x.png */ = {isa = PBXFileReference; lastKnownFileType = image.png; path = "row@2x.png"; sourceTree = "<group>"; };
		7BF0A6AE15DE499F00B3B57F /* rowselected.png */ = {isa = PBXFileReference; lastKnownFileType = image.png; path = rowselected.png; sourceTree = "<group>"; };
		7BF0A6AF15DE499F00B3B57F /* rowselected@2x.png */ = {isa = PBXFileReference; lastKnownFileType = image.png; path = "rowselected@2x.png"; sourceTree = "<group>"; };
		7BF0A6B015DE499F00B3B57F /* MenuCell.h */ = {isa = PBXFileReference; fileEncoding = 4; lastKnownFileType = sourcecode.c.h; path = MenuCell.h; sourceTree = "<group>"; };
		7BF0A6B115DE499F00B3B57F /* MenuCell.m */ = {isa = PBXFileReference; fileEncoding = 4; lastKnownFileType = sourcecode.c.objc; path = MenuCell.m; sourceTree = "<group>"; };
		7BF0A6B915DE682A00B3B57F /* README.md */ = {isa = PBXFileReference; fileEncoding = 4; lastKnownFileType = text; path = README.md; sourceTree = "<group>"; };
/* End PBXFileReference section */

/* Begin PBXFrameworksBuildPhase section */
		7B8C3FD715D8D55800E42A41 /* Frameworks */ = {
			isa = PBXFrameworksBuildPhase;
			buildActionMask = 2147483647;
			files = (
				7B8C3FDF15D8D55800E42A41 /* UIKit.framework in Frameworks */,
				7B8C3FE115D8D55800E42A41 /* Foundation.framework in Frameworks */,
				7B8C3FE315D8D55800E42A41 /* CoreGraphics.framework in Frameworks */,
			);
			runOnlyForDeploymentPostprocessing = 0;
		};
/* End PBXFrameworksBuildPhase section */

/* Begin PBXGroup section */
		7B05395615E15A5E00D72377 /* Images */ = {
			isa = PBXGroup;
			children = (
				7B28D2AC165E27A3000EE929 /* selectedColoredRow.png */,
				7B28D2AD165E27A3000EE929 /* selectedColoredRow@2x.png */,
				7B1141A7161B658D00549B42 /* Screenshot-Landscape.png */,
				7B1141A8161B658D00549B42 /* Screenshot-Portrait.png */,
				7B05395715E15A7F00D72377 /* menu.png */,
				7B05395815E15A7F00D72377 /* menu@2x.png */,
				7B05395915E15A7F00D72377 /* menuhighlighted.png */,
				7B05395A15E15A7F00D72377 /* menuhighlighted@2x.png */,
				7B05395B15E15A7F00D72377 /* menuicon.png */,
				7B05395C15E15A7F00D72377 /* menuicon@2x.png */,
				7BF0A6AA15DE499F00B3B57F /* disclosure.png */,
				7BF0A6AB15DE499F00B3B57F /* disclosure@2x.png */,
				7BF0A6AC15DE499F00B3B57F /* row.png */,
				7BF0A6AD15DE499F00B3B57F /* row@2x.png */,
				7BF0A6AE15DE499F00B3B57F /* rowselected.png */,
				7BF0A6AF15DE499F00B3B57F /* rowselected@2x.png */,
			);
			name = Images;
			sourceTree = "<group>";
		};
		7B8C3FCF15D8D55800E42A41 = {
			isa = PBXGroup;
			children = (
				7B56BF4A163C2EDA00D9C143 /* Icon@2x.png */,
				7B56BF48163C2ECF00D9C143 /* Icon.png */,
				7B1141A4161B621000549B42 /* Default-568h@2x.png */,
				7BF0A6B915DE682A00B3B57F /* README.md */,
				7B8C3FE415D8D55800E42A41 /* SASlideMenu */,
				7B8C3FDD15D8D55800E42A41 /* Frameworks */,
				7B8C3FDB15D8D55800E42A41 /* Products */,
			);
			sourceTree = "<group>";
		};
		7B8C3FDB15D8D55800E42A41 /* Products */ = {
			isa = PBXGroup;
			children = (
				7B8C3FDA15D8D55800E42A41 /* SASlideMenu.app */,
			);
			name = Products;
			sourceTree = "<group>";
		};
		7B8C3FDD15D8D55800E42A41 /* Frameworks */ = {
			isa = PBXGroup;
			children = (
				7B8C3FDE15D8D55800E42A41 /* UIKit.framework */,
				7B8C3FE015D8D55800E42A41 /* Foundation.framework */,
				7B8C3FE215D8D55800E42A41 /* CoreGraphics.framework */,
			);
			name = Frameworks;
			sourceTree = "<group>";
		};
		7B8C3FE415D8D55800E42A41 /* SASlideMenu */ = {
			isa = PBXGroup;
			children = (
				7BF0A68615DE492E00B3B57F /* SASlideMenu */,
				7BF0A6B015DE499F00B3B57F /* MenuCell.h */,
				7BF0A6B115DE499F00B3B57F /* MenuCell.m */,
				7B3B2D5215DCE0E1009F4AB8 /* DarkViewController.h */,
				7B3B2D5315DCE0E1009F4AB8 /* DarkViewController.m */,
				7B5B88E1163B23B300D02C1F /* ShadesViewController.h */,
				7B5B88E2163B23B300D02C1F /* ShadesViewController.m */,
				7B28D2A5165CCB10000EE929 /* ColoredViewController.h */,
				7B28D2A6165CCB10000EE929 /* ColoredViewController.m */,
				7B8C3FF315D8D55800E42A41 /* ExampleMenuViewController.h */,
				7B8C3FF415D8D55800E42A41 /* ExampleMenuViewController.m */,
				7B28D2A2165BF464000EE929 /* ExampleDynamicMenuViewController.h */,
				7B28D2A3165BF464000EE929 /* ExampleDynamicMenuViewController.m */,
				7B8C3FED15D8D55800E42A41 /* SASlideMenuAppDelegate.h */,
				7B8C3FEE15D8D55800E42A41 /* SASlideMenuAppDelegate.m */,
				7B8C3FF015D8D55800E42A41 /* MainStoryboard.storyboard */,
				7B05395615E15A5E00D72377 /* Images */,
				7B8C3FE515D8D55800E42A41 /* Supporting Files */,
			);
			path = SASlideMenu;
			sourceTree = "<group>";
		};
		7B8C3FE515D8D55800E42A41 /* Supporting Files */ = {
			isa = PBXGroup;
			children = (
				7B8C3FE615D8D55800E42A41 /* SASlideMenu-Info.plist */,
				7B8C3FE715D8D55800E42A41 /* InfoPlist.strings */,
				7B8C3FEA15D8D55800E42A41 /* main.m */,
				7B8C3FEC15D8D55800E42A41 /* SASlideMenu-Prefix.pch */,
			);
			name = "Supporting Files";
			sourceTree = "<group>";
		};
		7BF0A68615DE492E00B3B57F /* SASlideMenu */ = {
			isa = PBXGroup;
			children = (
				7BF0A68915DE495500B3B57F /* SASlideMenuDataSource.h */,
				7BF0A68A15DE495500B3B57F /* SASlideMenuStoryboardSegue.h */,
				7BF0A68B15DE495500B3B57F /* SASlideMenuStoryboardSegue.m */,
				7BF0A68C15DE495500B3B57F /* SASlideMenuViewController.h */,
				7BF0A68D15DE495500B3B57F /* SASlideMenuViewController.m */,
				7B28D29E165BE211000EE929 /* SASlideMenuDynamicViewController.h */,
				7B28D29F165BE211000EE929 /* SASlideMenuDynamicViewController.m */,
			);
			path = SASlideMenu;
			sourceTree = "<group>";
		};
/* End PBXGroup section */

/* Begin PBXNativeTarget section */
		7B8C3FD915D8D55800E42A41 /* SASlideMenu */ = {
			isa = PBXNativeTarget;
			buildConfigurationList = 7B8C3FF815D8D55800E42A41 /* Build configuration list for PBXNativeTarget "SASlideMenu" */;
			buildPhases = (
				7B8C3FD615D8D55800E42A41 /* Sources */,
				7B8C3FD715D8D55800E42A41 /* Frameworks */,
				7B8C3FD815D8D55800E42A41 /* Resources */,
			);
			buildRules = (
			);
			dependencies = (
			);
			name = SASlideMenu;
			productName = SASlideMenu;
			productReference = 7B8C3FDA15D8D55800E42A41 /* SASlideMenu.app */;
			productType = "com.apple.product-type.application";
		};
/* End PBXNativeTarget section */

/* Begin PBXProject section */
		7B8C3FD115D8D55800E42A41 /* Project object */ = {
			isa = PBXProject;
			attributes = {
				CLASSPREFIX = SASlideMenu;
				LastUpgradeCheck = 0440;
				ORGANIZATIONNAME = "Stefano Antonelli";
			};
			buildConfigurationList = 7B8C3FD415D8D55800E42A41 /* Build configuration list for PBXProject "SASlideMenu" */;
			compatibilityVersion = "Xcode 3.2";
			developmentRegion = English;
			hasScannedForEncodings = 0;
			knownRegions = (
				en,
			);
			mainGroup = 7B8C3FCF15D8D55800E42A41;
			productRefGroup = 7B8C3FDB15D8D55800E42A41 /* Products */;
			projectDirPath = "";
			projectRoot = "";
			targets = (
				7B8C3FD915D8D55800E42A41 /* SASlideMenu */,
			);
		};
/* End PBXProject section */

/* Begin PBXResourcesBuildPhase section */
		7B8C3FD815D8D55800E42A41 /* Resources */ = {
			isa = PBXResourcesBuildPhase;
			buildActionMask = 2147483647;
			files = (
				7B8C3FE915D8D55800E42A41 /* InfoPlist.strings in Resources */,
				7B8C3FF215D8D55800E42A41 /* MainStoryboard.storyboard in Resources */,
				7BF0A6B215DE499F00B3B57F /* disclosure.png in Resources */,
				7BF0A6B315DE499F00B3B57F /* disclosure@2x.png in Resources */,
				7BF0A6B415DE499F00B3B57F /* row.png in Resources */,
				7BF0A6B515DE499F00B3B57F /* row@2x.png in Resources */,
				7BF0A6B615DE499F00B3B57F /* rowselected.png in Resources */,
				7BF0A6B715DE499F00B3B57F /* rowselected@2x.png in Resources */,
				7BF0A6BA15DE682A00B3B57F /* README.md in Resources */,
				7B05395D15E15A7F00D72377 /* menu.png in Resources */,
				7B05395E15E15A7F00D72377 /* menu@2x.png in Resources */,
				7B05395F15E15A7F00D72377 /* menuhighlighted.png in Resources */,
				7B05396015E15A7F00D72377 /* menuhighlighted@2x.png in Resources */,
				7B05396115E15A7F00D72377 /* menuicon.png in Resources */,
				7B05396215E15A7F00D72377 /* menuicon@2x.png in Resources */,
				7B1141A5161B621000549B42 /* Default-568h@2x.png in Resources */,
				7B1141A9161B658D00549B42 /* Screenshot-Landscape.png in Resources */,
				7B1141AA161B658D00549B42 /* Screenshot-Portrait.png in Resources */,
				7B56BF49163C2ECF00D9C143 /* Icon.png in Resources */,
				7B56BF4B163C2EDA00D9C143 /* Icon@2x.png in Resources */,
				7B28D2AE165E27A3000EE929 /* selectedColoredRow.png in Resources */,
				7B28D2AF165E27A3000EE929 /* selectedColoredRow@2x.png in Resources */,
			);
			runOnlyForDeploymentPostprocessing = 0;
		};
/* End PBXResourcesBuildPhase section */

/* Begin PBXSourcesBuildPhase section */
		7B8C3FD615D8D55800E42A41 /* Sources */ = {
			isa = PBXSourcesBuildPhase;
			buildActionMask = 2147483647;
			files = (
				7B8C3FEB15D8D55800E42A41 /* main.m in Sources */,
				7B8C3FEF15D8D55800E42A41 /* SASlideMenuAppDelegate.m in Sources */,
				7B8C3FF515D8D55800E42A41 /* ExampleMenuViewController.m in Sources */,
				7B3B2D5415DCE0E1009F4AB8 /* DarkViewController.m in Sources */,
				7BF0A68F15DE495500B3B57F /* SASlideMenuStoryboardSegue.m in Sources */,
				7BF0A69015DE495500B3B57F /* SASlideMenuViewController.m in Sources */,
				7BF0A6B815DE499F00B3B57F /* MenuCell.m in Sources */,
				7B5B88E3163B23B300D02C1F /* ShadesViewController.m in Sources */,
				7B28D2A0165BE211000EE929 /* SASlideMenuDynamicViewController.m in Sources */,
				7B28D2A4165BF465000EE929 /* ExampleDynamicMenuViewController.m in Sources */,
				7B28D2A7165CCB11000EE929 /* ColoredViewController.m in Sources */,
			);
			runOnlyForDeploymentPostprocessing = 0;
		};
/* End PBXSourcesBuildPhase section */

/* Begin PBXVariantGroup section */
		7B8C3FE715D8D55800E42A41 /* InfoPlist.strings */ = {
			isa = PBXVariantGroup;
			children = (
				7B8C3FE815D8D55800E42A41 /* en */,
			);
			name = InfoPlist.strings;
			sourceTree = "<group>";
		};
		7B8C3FF015D8D55800E42A41 /* MainStoryboard.storyboard */ = {
			isa = PBXVariantGroup;
			children = (
				7B8C3FF115D8D55800E42A41 /* en */,
			);
			name = MainStoryboard.storyboard;
			sourceTree = "<group>";
		};
/* End PBXVariantGroup section */

/* Begin XCBuildConfiguration section */
		7B8C3FF615D8D55800E42A41 /* Debug */ = {
			isa = XCBuildConfiguration;
			buildSettings = {
				ALWAYS_SEARCH_USER_PATHS = NO;
				ARCHS = "$(ARCHS_STANDARD_32_BIT)";
				CLANG_CXX_LANGUAGE_STANDARD = "gnu++0x";
				CLANG_ENABLE_OBJC_ARC = YES;
				CLANG_WARN__DUPLICATE_METHOD_MATCH = YES;
				"CODE_SIGN_IDENTITY[sdk=iphoneos*]" = "iPhone Developer";
				COPY_PHASE_STRIP = NO;
				GCC_C_LANGUAGE_STANDARD = gnu99;
				GCC_DYNAMIC_NO_PIC = NO;
				GCC_OPTIMIZATION_LEVEL = 0;
				GCC_PREPROCESSOR_DEFINITIONS = (
					"DEBUG=1",
					"$(inherited)",
				);
				GCC_SYMBOLS_PRIVATE_EXTERN = NO;
				GCC_VERSION = com.apple.compilers.llvm.clang.1_0;
				GCC_WARN_ABOUT_RETURN_TYPE = YES;
				GCC_WARN_UNINITIALIZED_AUTOS = YES;
				GCC_WARN_UNUSED_VARIABLE = YES;
				IPHONEOS_DEPLOYMENT_TARGET = 5.1;
				SDKROOT = iphoneos;
			};
			name = Debug;
		};
		7B8C3FF715D8D55800E42A41 /* Release */ = {
			isa = XCBuildConfiguration;
			buildSettings = {
				ALWAYS_SEARCH_USER_PATHS = NO;
				ARCHS = "$(ARCHS_STANDARD_32_BIT)";
				CLANG_CXX_LANGUAGE_STANDARD = "gnu++0x";
				CLANG_ENABLE_OBJC_ARC = YES;
				CLANG_WARN__DUPLICATE_METHOD_MATCH = YES;
				"CODE_SIGN_IDENTITY[sdk=iphoneos*]" = "iPhone Developer";
				COPY_PHASE_STRIP = YES;
				GCC_C_LANGUAGE_STANDARD = gnu99;
				GCC_VERSION = com.apple.compilers.llvm.clang.1_0;
				GCC_WARN_ABOUT_RETURN_TYPE = YES;
				GCC_WARN_UNINITIALIZED_AUTOS = YES;
				GCC_WARN_UNUSED_VARIABLE = YES;
				IPHONEOS_DEPLOYMENT_TARGET = 5.1;
				OTHER_CFLAGS = "-DNS_BLOCK_ASSERTIONS=1";
				SDKROOT = iphoneos;
				VALIDATE_PRODUCT = YES;
			};
			name = Release;
		};
		7B8C3FF915D8D55800E42A41 /* Debug */ = {
			isa = XCBuildConfiguration;
			buildSettings = {
				GCC_PRECOMPILE_PREFIX_HEADER = YES;
				GCC_PREFIX_HEADER = "SASlideMenu/SASlideMenu-Prefix.pch";
				INFOPLIST_FILE = "SASlideMenu/SASlideMenu-Info.plist";
				PRODUCT_NAME = "$(TARGET_NAME)";
				WRAPPER_EXTENSION = app;
			};
			name = Debug;
		};
		7B8C3FFA15D8D55800E42A41 /* Release */ = {
			isa = XCBuildConfiguration;
			buildSettings = {
				GCC_PRECOMPILE_PREFIX_HEADER = YES;
				GCC_PREFIX_HEADER = "SASlideMenu/SASlideMenu-Prefix.pch";
				INFOPLIST_FILE = "SASlideMenu/SASlideMenu-Info.plist";
				PRODUCT_NAME = "$(TARGET_NAME)";
				WRAPPER_EXTENSION = app;
			};
			name = Release;
		};
/* End XCBuildConfiguration section */

/* Begin XCConfigurationList section */
		7B8C3FD415D8D55800E42A41 /* Build configuration list for PBXProject "SASlideMenu" */ = {
			isa = XCConfigurationList;
			buildConfigurations = (
				7B8C3FF615D8D55800E42A41 /* Debug */,
				7B8C3FF715D8D55800E42A41 /* Release */,
			);
			defaultConfigurationIsVisible = 0;
			defaultConfigurationName = Release;
		};
		7B8C3FF815D8D55800E42A41 /* Build configuration list for PBXNativeTarget "SASlideMenu" */ = {
			isa = XCConfigurationList;
			buildConfigurations = (
				7B8C3FF915D8D55800E42A41 /* Debug */,
				7B8C3FFA15D8D55800E42A41 /* Release */,
			);
			defaultConfigurationIsVisible = 0;
			defaultConfigurationName = Release;
		};
/* End XCConfigurationList section */
	};
	rootObject = 7B8C3FD115D8D55800E42A41 /* Project object */;
}
